$begin 'ConnectionParameters'
	DesktopProcessID=3012
	DesktopProcessPath='C:\\Program Files\\AnsysEM\\v231\\Win64\\ansysedt.exe'
	LaunchedByWB=false
	$begin 'DesktopStubBlock'
		$begin 'CommDetails'
			TransportType=1
			IPAddress='192.168.56.1'
			ListenPort='57303'
			IPAddressVector[3: '10.62.20.35', '192.168.150.1', '192.168.242.1']
		$end 'CommDetails'
		$begin 'Marshall'
			InstanceID=503
			ProcID=3012
			InterfaceID=1
			FactoryIntID='DesktopInterfaceForWBProxyStubFactory'
		$end 'Marshall'
	$end 'DesktopStubBlock'
	$begin 'DesktopBackgroundObjStubBlock'
		$begin 'CommDetails'
			TransportType=1
			IPAddress='192.168.56.1'
			ListenPort='57303'
			IPAddressVector[3: '10.62.20.35', '192.168.150.1', '192.168.242.1']
		$end 'CommDetails'
		$begin 'Marshall'
			InstanceID=505
			ProcID=3012
			InterfaceID=2
			FactoryIntID='DesktopInterfaceForWBProxyStubFactory'
		$end 'Marshall'
	$end 'DesktopBackgroundObjStubBlock'
$end 'ConnectionParameters'
